{
  "requires": true,
  "lockfileVersion": 1,
  "dependencies": {
    "chrome-types": {
      "version": "0.1.204",
      "resolved": "https://registry.npmjs.org/chrome-types/-/chrome-types-0.1.204.tgz",
      "integrity": "sha512-w+GgaesqMiRvlxJTqmEv0691FsFOsJYCFGsV8VWkbONbcWNaRs2AXaitdVW34VdXSyzSr/pOjSFKwqK66GARww=="
    }
  }
}
